
Microsoft Visual Studio Solution File, Format Version 12.00
# Visual Studio 15
VisualStudioVersion = 15.0.28307.271
MinimumVisualStudioVersion = 10.0.40219.1
Project("{9A19103F-16F7-4668-BE54-9A1E7A4F7556}") = "StatisticOnline.Web", "StatisticOnline.Web\StatisticOnline.Web.csproj", "{31820FF1-FB3A-4A10-9D61-2F723D4090D3}"
EndProject
Project("{9A19103F-16F7-4668-BE54-9A1E7A4F7556}") = "StatisticOnline.Data", "StatisticOnline.Data\StatisticOnline.Data.csproj", "{C858F93C-B152-4C3E-9D19-38992DCAF5D1}"
EndProject
Project("{9A19103F-16F7-4668-BE54-9A1E7A4F7556}") = "StatisticOnline.Logic", "StatisticOnline.Logic\StatisticOnline.Logic.csproj", "{EC8AED6F-7092-46F7-A6BE-B64C6000DFF4}"
EndProject
Project("{9A19103F-16F7-4668-BE54-9A1E7A4F7556}") = "KvitkouNet.Messages", "..\Gateway\KvitkouNet.Messages\KvitkouNet.Messages.csproj", "{38F69D52-8598-429F-BEC6-05D8C6618D00}"
EndProject
Global
	GlobalSection(SolutionConfigurationPlatforms) = preSolution
		Debug|Any CPU = Debug|Any CPU
		Release|Any CPU = Release|Any CPU
	EndGlobalSection
	GlobalSection(ProjectConfigurationPlatforms) = postSolution
		{31820FF1-FB3A-4A10-9D61-2F723D4090D3}.Debug|Any CPU.ActiveCfg = Debug|Any CPU
		{31820FF1-FB3A-4A10-9D61-2F723D4090D3}.Debug|Any CPU.Build.0 = Debug|Any CPU
		{31820FF1-FB3A-4A10-9D61-2F723D4090D3}.Release|Any CPU.ActiveCfg = Release|Any CPU
		{31820FF1-FB3A-4A10-9D61-2F723D4090D3}.Release|Any CPU.Build.0 = Release|Any CPU
		{C858F93C-B152-4C3E-9D19-38992DCAF5D1}.Debug|Any CPU.ActiveCfg = Debug|Any CPU
		{C858F93C-B152-4C3E-9D19-38992DCAF5D1}.Debug|Any CPU.Build.0 = Debug|Any CPU
		{C858F93C-B152-4C3E-9D19-38992DCAF5D1}.Release|Any CPU.ActiveCfg = Release|Any CPU
		{C858F93C-B152-4C3E-9D19-38992DCAF5D1}.Release|Any CPU.Build.0 = Release|Any CPU
		{EC8AED6F-7092-46F7-A6BE-B64C6000DFF4}.Debug|Any CPU.ActiveCfg = Debug|Any CPU
		{EC8AED6F-7092-46F7-A6BE-B64C6000DFF4}.Debug|Any CPU.Build.0 = Debug|Any CPU
		{EC8AED6F-7092-46F7-A6BE-B64C6000DFF4}.Release|Any CPU.ActiveCfg = Release|Any CPU
		{EC8AED6F-7092-46F7-A6BE-B64C6000DFF4}.Release|Any CPU.Build.0 = Release|Any CPU
		{38F69D52-8598-429F-BEC6-05D8C6618D00}.Debug|Any CPU.ActiveCfg = Debug|Any CPU
		{38F69D52-8598-429F-BEC6-05D8C6618D00}.Debug|Any CPU.Build.0 = Debug|Any CPU
		{38F69D52-8598-429F-BEC6-05D8C6618D00}.Release|Any CPU.ActiveCfg = Release|Any CPU
		{38F69D52-8598-429F-BEC6-05D8C6618D00}.Release|Any CPU.Build.0 = Release|Any CPU
	EndGlobalSection
	GlobalSection(SolutionProperties) = preSolution
		HideSolutionNode = FALSE
	EndGlobalSection
	GlobalSection(ExtensibilityGlobals) = postSolution
		SolutionGuid = {200101D0-3E68-473F-8E71-933B67008095}
	EndGlobalSection
EndGlobal
